# @generated by Move, please check-in and do not edit manually.

[move]
version = 0
manifest_digest = "942A9454B37D6BB0C4749A2BFE0903EF06E3159DA77DFE3C89A8DE0B655D8132"
deps_digest = "3C4103934B1E040BB6B23F1D610B4EF9F2F1166A50A104EADCF77467C004C600"

dependencies = [
  { name = "Sui" },
  { name = "SupraOracle" },
]

[[move.package]]
name = "MoveStdlib"
source = { git = "https://github.com/MystenLabs/sui.git", rev = "mainnet-v1.14.2", subdir = "crates/sui-framework/packages/move-stdlib" }

[[move.package]]
name = "Sui"
source = { git = "https://github.com/MystenLabs/sui.git", rev = "mainnet-v1.14.2", subdir = "crates/sui-framework/packages/sui-framework" }

dependencies = [
  { name = "MoveStdlib" },
]

[[move.package]]
name = "SupraOracle"
source = { local = "../supra-svalue-feed-framework" }

dependencies = [
  { name = "Sui" },
]
